
Microsoft Visual Studio Solution File, Format Version 11.00
# Visual Studio 2010
Project("{8BC9CEB8-8B4A-11D0-8D11-00A0C91BC942}") = "GdiChecker", "GdiChecker\GdiChecker.vcxproj", "{76A39613-C5FD-461D-A0B5-17D73938CC8E}"
EndProject
Project("{8BC9CEB8-8B4A-11D0-8D11-00A0C91BC942}") = "InjectProxy", "InjectProxy\InjectProxy.vcxproj", "{E4BBDD7E-7DBE-4E6C-9AA5-DC0E6A974326}"
EndProject
Project("{8BC9CEB8-8B4A-11D0-8D11-00A0C91BC942}") = "GdiInfo", "GdiInfo\GdiInfo.vcxproj", "{816E1E57-46C8-49CC-8ECF-70614EA48A55}"
EndProject
Global
	GlobalSection(SolutionConfigurationPlatforms) = preSolution
		Debug|Win32 = Debug|Win32
		Debug|x64 = Debug|x64
		Release|Win32 = Release|Win32
		Release|x64 = Release|x64
	EndGlobalSection
	GlobalSection(ProjectConfigurationPlatforms) = postSolution
		{76A39613-C5FD-461D-A0B5-17D73938CC8E}.Debug|Win32.ActiveCfg = Debug|Win32
		{76A39613-C5FD-461D-A0B5-17D73938CC8E}.Debug|Win32.Build.0 = Debug|Win32
		{76A39613-C5FD-461D-A0B5-17D73938CC8E}.Debug|x64.ActiveCfg = Debug|x64
		{76A39613-C5FD-461D-A0B5-17D73938CC8E}.Debug|x64.Build.0 = Debug|x64
		{76A39613-C5FD-461D-A0B5-17D73938CC8E}.Release|Win32.ActiveCfg = Release|Win32
		{76A39613-C5FD-461D-A0B5-17D73938CC8E}.Release|Win32.Build.0 = Release|Win32
		{76A39613-C5FD-461D-A0B5-17D73938CC8E}.Release|x64.ActiveCfg = Release|x64
		{76A39613-C5FD-461D-A0B5-17D73938CC8E}.Release|x64.Build.0 = Release|x64
		{E4BBDD7E-7DBE-4E6C-9AA5-DC0E6A974326}.Debug|Win32.ActiveCfg = Debug|Win32
		{E4BBDD7E-7DBE-4E6C-9AA5-DC0E6A974326}.Debug|Win32.Build.0 = Debug|Win32
		{E4BBDD7E-7DBE-4E6C-9AA5-DC0E6A974326}.Debug|x64.ActiveCfg = Debug|x64
		{E4BBDD7E-7DBE-4E6C-9AA5-DC0E6A974326}.Debug|x64.Build.0 = Debug|x64
		{E4BBDD7E-7DBE-4E6C-9AA5-DC0E6A974326}.Release|Win32.ActiveCfg = Release|Win32
		{E4BBDD7E-7DBE-4E6C-9AA5-DC0E6A974326}.Release|Win32.Build.0 = Release|Win32
		{E4BBDD7E-7DBE-4E6C-9AA5-DC0E6A974326}.Release|x64.ActiveCfg = Release|x64
		{E4BBDD7E-7DBE-4E6C-9AA5-DC0E6A974326}.Release|x64.Build.0 = Release|x64
		{816E1E57-46C8-49CC-8ECF-70614EA48A55}.Debug|Win32.ActiveCfg = Debug|Win32
		{816E1E57-46C8-49CC-8ECF-70614EA48A55}.Debug|Win32.Build.0 = Debug|Win32
		{816E1E57-46C8-49CC-8ECF-70614EA48A55}.Debug|x64.ActiveCfg = Debug|Win32
		{816E1E57-46C8-49CC-8ECF-70614EA48A55}.Release|Win32.ActiveCfg = Release|Win32
		{816E1E57-46C8-49CC-8ECF-70614EA48A55}.Release|Win32.Build.0 = Release|Win32
		{816E1E57-46C8-49CC-8ECF-70614EA48A55}.Release|x64.ActiveCfg = Release|Win32
	EndGlobalSection
	GlobalSection(SolutionProperties) = preSolution
		HideSolutionNode = FALSE
	EndGlobalSection
EndGlobal
